
Microsoft Visual Studio Solution File, Format Version 12.00
# Visual Studio Version 16
VisualStudioVersion = 16.0.29709.97
MinimumVisualStudioVersion = 10.0.40219.1
Project("{FAE04EC0-301F-11D3-BF4B-00C04F79EFBC}") = "OnlineShoppingCart", "OnlineShoppingCart\OnlineShoppingCart.csproj", "{1328DD91-8462-40D7-8647-D0C07E1E65E6}"
EndProject
Global
	GlobalSection(SolutionConfigurationPlatforms) = preSolution
		Debug|Any CPU = Debug|Any CPU
		Release|Any CPU = Release|Any CPU
	EndGlobalSection
	GlobalSection(ProjectConfigurationPlatforms) = postSolution
		{1328DD91-8462-40D7-8647-D0C07E1E65E6}.Debug|Any CPU.ActiveCfg = Debug|Any CPU
		{1328DD91-8462-40D7-8647-D0C07E1E65E6}.Debug|Any CPU.Build.0 = Debug|Any CPU
		{1328DD91-8462-40D7-8647-D0C07E1E65E6}.Release|Any CPU.ActiveCfg = Release|Any CPU
		{1328DD91-8462-40D7-8647-D0C07E1E65E6}.Release|Any CPU.Build.0 = Release|Any CPU
	EndGlobalSection
	GlobalSection(SolutionProperties) = preSolution
		HideSolutionNode = FALSE
	EndGlobalSection
	GlobalSection(ExtensibilityGlobals) = postSolution
		SolutionGuid = {57ABD021-D661-4B34-9EDE-EE2E97A9388A}
	EndGlobalSection
EndGlobal
